
Microsoft Visual Studio Solution File, Format Version 12.00
# Visual Studio Version 17
VisualStudioVersion = 17.4.33122.133
MinimumVisualStudioVersion = 10.0.40219.1
Project("{9A19103F-16F7-4668-BE54-9A1E7A4F7556}") = "ECom.Domain", "src\Domain\ECom.Domain.csproj", "{749BAC2D-0586-43DA-8AF2-AD4FB30A1596}"
EndProject
Project("{9A19103F-16F7-4668-BE54-9A1E7A4F7556}") = "ECom.Infrastructure", "src\Infrastructure\ECom.Infrastructure.csproj", "{9DBAB588-9577-47C2-82FF-5C4E22C205D4}"
EndProject
Project("{9A19103F-16F7-4668-BE54-9A1E7A4F7556}") = "ECom.Application", "src\Application\ECom.Application.csproj", "{636E2FA5-B7AA-4E25-860D-5800442BDF30}"
EndProject
Project("{2150E333-8FDC-42A3-9474-1A3956D46DE8}") = "1. Domain", "1. Domain", "{0E2C12EA-BCCD-4AF6-B61E-2F267057362D}"
EndProject
Project("{2150E333-8FDC-42A3-9474-1A3956D46DE8}") = "2. Infrastructure", "2. Infrastructure", "{26013BDA-8E18-4D60-9054-2C16E6E5CA50}"
EndProject
Project("{2150E333-8FDC-42A3-9474-1A3956D46DE8}") = "3. Application", "3. Application", "{9C9FE62C-915A-48BA-BC1D-BACF6D76AD25}"
EndProject
Project("{2150E333-8FDC-42A3-9474-1A3956D46DE8}") = "4. User", "4. User", "{5731EA98-1062-4A74-865A-441783511F0D}"
EndProject
Project("{9A19103F-16F7-4668-BE54-9A1E7A4F7556}") = "ECom.WebApi", "src\ECom.WebApi\ECom.WebApi.csproj", "{FCAE455D-D1D3-49A3-AB07-87C7CE527893}"
EndProject
Project("{2150E333-8FDC-42A3-9474-1A3956D46DE8}") = "5.Admin", "5.Admin", "{7D5E38F1-DAA3-47F6-961D-D6A616ED7A2E}"
EndProject
Project("{9A19103F-16F7-4668-BE54-9A1E7A4F7556}") = "ECom.Shared", "src\ECom.Shared\ECom.Shared.csproj", "{F820A10E-5BE4-47FD-9F3A-5DE59F407450}"
EndProject
Project("{9A19103F-16F7-4668-BE54-9A1E7A4F7556}") = "ECom.SharedServer", "src\ECom.SharedServer\ECom.SharedServer.csproj", "{CECF00BA-E1D1-4078-9EE4-FC5A9D797D22}"
EndProject
Project("{2150E333-8FDC-42A3-9474-1A3956D46DE8}") = "Test", "Test", "{C461629E-98E5-4C7D-9F50-BA2C44C6AC38}"
EndProject
Project("{FAE04EC0-301F-11D3-BF4B-00C04F79EFBC}") = "ECom.AdminBlazor.Server", "src\ECom.AdminBlazor\Server\ECom.AdminBlazor.Server.csproj", "{8F970348-39A9-4B59-B368-1DAA807E5FA1}"
EndProject
Project("{FAE04EC0-301F-11D3-BF4B-00C04F79EFBC}") = "ECom.AdminBlazor.Client", "src\ECom.AdminBlazor\Client\ECom.AdminBlazor.Client.csproj", "{0D875F5F-5A21-47DF-9BF6-E4F0FE5FE727}"
EndProject
Project("{FAE04EC0-301F-11D3-BF4B-00C04F79EFBC}") = "ECom.AdminBlazor.Shared", "src\ECom.AdminBlazor\Shared\ECom.AdminBlazor.Shared.csproj", "{8444FEB9-4FEA-40E9-B281-70A39F56E46C}"
EndProject
Global
	GlobalSection(SolutionConfigurationPlatforms) = preSolution
		Debug|Any CPU = Debug|Any CPU
		Release|Any CPU = Release|Any CPU
	EndGlobalSection
	GlobalSection(ProjectConfigurationPlatforms) = postSolution
		{749BAC2D-0586-43DA-8AF2-AD4FB30A1596}.Debug|Any CPU.ActiveCfg = Debug|Any CPU
		{749BAC2D-0586-43DA-8AF2-AD4FB30A1596}.Debug|Any CPU.Build.0 = Debug|Any CPU
		{749BAC2D-0586-43DA-8AF2-AD4FB30A1596}.Release|Any CPU.ActiveCfg = Release|Any CPU
		{749BAC2D-0586-43DA-8AF2-AD4FB30A1596}.Release|Any CPU.Build.0 = Release|Any CPU
		{9DBAB588-9577-47C2-82FF-5C4E22C205D4}.Debug|Any CPU.ActiveCfg = Debug|Any CPU
		{9DBAB588-9577-47C2-82FF-5C4E22C205D4}.Debug|Any CPU.Build.0 = Debug|Any CPU
		{9DBAB588-9577-47C2-82FF-5C4E22C205D4}.Release|Any CPU.ActiveCfg = Release|Any CPU
		{9DBAB588-9577-47C2-82FF-5C4E22C205D4}.Release|Any CPU.Build.0 = Release|Any CPU
		{636E2FA5-B7AA-4E25-860D-5800442BDF30}.Debug|Any CPU.ActiveCfg = Debug|Any CPU
		{636E2FA5-B7AA-4E25-860D-5800442BDF30}.Debug|Any CPU.Build.0 = Debug|Any CPU
		{636E2FA5-B7AA-4E25-860D-5800442BDF30}.Release|Any CPU.ActiveCfg = Release|Any CPU
		{636E2FA5-B7AA-4E25-860D-5800442BDF30}.Release|Any CPU.Build.0 = Release|Any CPU
		{FCAE455D-D1D3-49A3-AB07-87C7CE527893}.Debug|Any CPU.ActiveCfg = Debug|Any CPU
		{FCAE455D-D1D3-49A3-AB07-87C7CE527893}.Debug|Any CPU.Build.0 = Debug|Any CPU
		{FCAE455D-D1D3-49A3-AB07-87C7CE527893}.Release|Any CPU.ActiveCfg = Release|Any CPU
		{FCAE455D-D1D3-49A3-AB07-87C7CE527893}.Release|Any CPU.Build.0 = Release|Any CPU
		{F820A10E-5BE4-47FD-9F3A-5DE59F407450}.Debug|Any CPU.ActiveCfg = Debug|Any CPU
		{F820A10E-5BE4-47FD-9F3A-5DE59F407450}.Debug|Any CPU.Build.0 = Debug|Any CPU
		{F820A10E-5BE4-47FD-9F3A-5DE59F407450}.Release|Any CPU.ActiveCfg = Release|Any CPU
		{F820A10E-5BE4-47FD-9F3A-5DE59F407450}.Release|Any CPU.Build.0 = Release|Any CPU
		{CECF00BA-E1D1-4078-9EE4-FC5A9D797D22}.Debug|Any CPU.ActiveCfg = Debug|Any CPU
		{CECF00BA-E1D1-4078-9EE4-FC5A9D797D22}.Debug|Any CPU.Build.0 = Debug|Any CPU
		{CECF00BA-E1D1-4078-9EE4-FC5A9D797D22}.Release|Any CPU.ActiveCfg = Release|Any CPU
		{CECF00BA-E1D1-4078-9EE4-FC5A9D797D22}.Release|Any CPU.Build.0 = Release|Any CPU
		{8F970348-39A9-4B59-B368-1DAA807E5FA1}.Debug|Any CPU.ActiveCfg = Debug|Any CPU
		{8F970348-39A9-4B59-B368-1DAA807E5FA1}.Debug|Any CPU.Build.0 = Debug|Any CPU
		{8F970348-39A9-4B59-B368-1DAA807E5FA1}.Release|Any CPU.ActiveCfg = Release|Any CPU
		{8F970348-39A9-4B59-B368-1DAA807E5FA1}.Release|Any CPU.Build.0 = Release|Any CPU
		{0D875F5F-5A21-47DF-9BF6-E4F0FE5FE727}.Debug|Any CPU.ActiveCfg = Debug|Any CPU
		{0D875F5F-5A21-47DF-9BF6-E4F0FE5FE727}.Debug|Any CPU.Build.0 = Debug|Any CPU
		{0D875F5F-5A21-47DF-9BF6-E4F0FE5FE727}.Release|Any CPU.ActiveCfg = Release|Any CPU
		{0D875F5F-5A21-47DF-9BF6-E4F0FE5FE727}.Release|Any CPU.Build.0 = Release|Any CPU
		{8444FEB9-4FEA-40E9-B281-70A39F56E46C}.Debug|Any CPU.ActiveCfg = Debug|Any CPU
		{8444FEB9-4FEA-40E9-B281-70A39F56E46C}.Debug|Any CPU.Build.0 = Debug|Any CPU
		{8444FEB9-4FEA-40E9-B281-70A39F56E46C}.Release|Any CPU.ActiveCfg = Release|Any CPU
		{8444FEB9-4FEA-40E9-B281-70A39F56E46C}.Release|Any CPU.Build.0 = Release|Any CPU
	EndGlobalSection
	GlobalSection(SolutionProperties) = preSolution
		HideSolutionNode = FALSE
	EndGlobalSection
	GlobalSection(NestedProjects) = preSolution
		{749BAC2D-0586-43DA-8AF2-AD4FB30A1596} = {0E2C12EA-BCCD-4AF6-B61E-2F267057362D}
		{9DBAB588-9577-47C2-82FF-5C4E22C205D4} = {26013BDA-8E18-4D60-9054-2C16E6E5CA50}
		{636E2FA5-B7AA-4E25-860D-5800442BDF30} = {9C9FE62C-915A-48BA-BC1D-BACF6D76AD25}
		{FCAE455D-D1D3-49A3-AB07-87C7CE527893} = {5731EA98-1062-4A74-865A-441783511F0D}
		{F820A10E-5BE4-47FD-9F3A-5DE59F407450} = {0E2C12EA-BCCD-4AF6-B61E-2F267057362D}
		{CECF00BA-E1D1-4078-9EE4-FC5A9D797D22} = {0E2C12EA-BCCD-4AF6-B61E-2F267057362D}
		{8F970348-39A9-4B59-B368-1DAA807E5FA1} = {7D5E38F1-DAA3-47F6-961D-D6A616ED7A2E}
		{0D875F5F-5A21-47DF-9BF6-E4F0FE5FE727} = {7D5E38F1-DAA3-47F6-961D-D6A616ED7A2E}
		{8444FEB9-4FEA-40E9-B281-70A39F56E46C} = {7D5E38F1-DAA3-47F6-961D-D6A616ED7A2E}
	EndGlobalSection
	GlobalSection(ExtensibilityGlobals) = postSolution
		SolutionGuid = {5CF92F4B-C824-4F8F-B0D5-433075F64207}
	EndGlobalSection
EndGlobal
