
Microsoft Visual Studio Solution File, Format Version 12.00
# Visual Studio Version 17
VisualStudioVersion = 17.4.33122.133
MinimumVisualStudioVersion = 10.0.40219.1
Project("{2150E333-8FDC-42A3-9474-1A3956D46DE8}") = "Solution Items", "Solution Items", "{8022CD20-E78A-468F-A1DC-D6B05885BF09}"
	ProjectSection(SolutionItems) = preProject
		README.md = README.md
		TODO.md = TODO.md
	EndProjectSection
EndProject
Project("{2150E333-8FDC-42A3-9474-1A3956D46DE8}") = "1. Foundation", "1. Foundation", "{9BF71C57-1DED-413D-8D8A-7B0DB55851DB}"
EndProject
Project("{2150E333-8FDC-42A3-9474-1A3956D46DE8}") = "2. Database", "2. Database", "{7252C3B9-D243-4DA5-86A7-17D740908067}"
EndProject
Project("{2150E333-8FDC-42A3-9474-1A3956D46DE8}") = "3. Business", "3. Business", "{DF8238AD-FBFA-41D3-BF15-4A2525D42FDB}"
EndProject
Project("{2150E333-8FDC-42A3-9474-1A3956D46DE8}") = "4. Services", "4. Services", "{AA68A3E1-C201-400B-AFE3-F30294430A4B}"
EndProject
Project("{FAE04EC0-301F-11D3-BF4B-00C04F79EFBC}") = "ECom.Database", "src\2. Database\ECom.Database\ECom.Database.csproj", "{E127906A-4CF4-4E7B-A239-DB955F23D78E}"
EndProject
Project("{FAE04EC0-301F-11D3-BF4B-00C04F79EFBC}") = "ECom.Business", "src\3. Business\ECom.Business\ECom.Business.csproj", "{9A84E601-DB66-4A2E-B081-2FC7804455DD}"
EndProject
Project("{FAE04EC0-301F-11D3-BF4B-00C04F79EFBC}") = "ECom.Foundation", "src\1. Foundation\ECom.Foundation\ECom.Foundation.csproj", "{86DC1E33-1A79-4E50-8100-DF868E92556A}"
EndProject
Project("{2150E333-8FDC-42A3-9474-1A3956D46DE8}") = "5. APIs", "5. APIs", "{607BC0F7-EDEA-4A90-8A2A-7E3FEF0AB756}"
EndProject
Project("{FAE04EC0-301F-11D3-BF4B-00C04F79EFBC}") = "ECom.Service.AdminApi", "src\4. Services\ECom.Service.AdminApi\ECom.Service.AdminApi.csproj", "{845721B0-2A60-4A7F-BFE6-61D78AF6ADD5}"
EndProject
Project("{FAE04EC0-301F-11D3-BF4B-00C04F79EFBC}") = "ECom.Service.UserApi", "src\4. Services\ECom.Service.UserApi\ECom.Service.UserApi.csproj", "{418DBB98-F8E8-4BCD-A045-8B3E2719B5FC}"
EndProject
Project("{FAE04EC0-301F-11D3-BF4B-00C04F79EFBC}") = "ECom.Service.PublicApi", "src\4. Services\ECom.Service.PublicApi\ECom.Service.PublicApi.csproj", "{F22FB630-060D-418A-B912-F4D622FF05F5}"
EndProject
Global
	GlobalSection(SolutionConfigurationPlatforms) = preSolution
		Debug|Any CPU = Debug|Any CPU
		Release|Any CPU = Release|Any CPU
	EndGlobalSection
	GlobalSection(ProjectConfigurationPlatforms) = postSolution
		{E127906A-4CF4-4E7B-A239-DB955F23D78E}.Debug|Any CPU.ActiveCfg = Debug|Any CPU
		{E127906A-4CF4-4E7B-A239-DB955F23D78E}.Debug|Any CPU.Build.0 = Debug|Any CPU
		{E127906A-4CF4-4E7B-A239-DB955F23D78E}.Release|Any CPU.ActiveCfg = Release|Any CPU
		{E127906A-4CF4-4E7B-A239-DB955F23D78E}.Release|Any CPU.Build.0 = Release|Any CPU
		{9A84E601-DB66-4A2E-B081-2FC7804455DD}.Debug|Any CPU.ActiveCfg = Debug|Any CPU
		{9A84E601-DB66-4A2E-B081-2FC7804455DD}.Debug|Any CPU.Build.0 = Debug|Any CPU
		{9A84E601-DB66-4A2E-B081-2FC7804455DD}.Release|Any CPU.ActiveCfg = Release|Any CPU
		{9A84E601-DB66-4A2E-B081-2FC7804455DD}.Release|Any CPU.Build.0 = Release|Any CPU
		{86DC1E33-1A79-4E50-8100-DF868E92556A}.Debug|Any CPU.ActiveCfg = Debug|Any CPU
		{86DC1E33-1A79-4E50-8100-DF868E92556A}.Debug|Any CPU.Build.0 = Debug|Any CPU
		{86DC1E33-1A79-4E50-8100-DF868E92556A}.Release|Any CPU.ActiveCfg = Release|Any CPU
		{86DC1E33-1A79-4E50-8100-DF868E92556A}.Release|Any CPU.Build.0 = Release|Any CPU
		{845721B0-2A60-4A7F-BFE6-61D78AF6ADD5}.Debug|Any CPU.ActiveCfg = Debug|Any CPU
		{845721B0-2A60-4A7F-BFE6-61D78AF6ADD5}.Debug|Any CPU.Build.0 = Debug|Any CPU
		{845721B0-2A60-4A7F-BFE6-61D78AF6ADD5}.Release|Any CPU.ActiveCfg = Release|Any CPU
		{845721B0-2A60-4A7F-BFE6-61D78AF6ADD5}.Release|Any CPU.Build.0 = Release|Any CPU
		{418DBB98-F8E8-4BCD-A045-8B3E2719B5FC}.Debug|Any CPU.ActiveCfg = Debug|Any CPU
		{418DBB98-F8E8-4BCD-A045-8B3E2719B5FC}.Debug|Any CPU.Build.0 = Debug|Any CPU
		{418DBB98-F8E8-4BCD-A045-8B3E2719B5FC}.Release|Any CPU.ActiveCfg = Release|Any CPU
		{418DBB98-F8E8-4BCD-A045-8B3E2719B5FC}.Release|Any CPU.Build.0 = Release|Any CPU
		{F22FB630-060D-418A-B912-F4D622FF05F5}.Debug|Any CPU.ActiveCfg = Debug|Any CPU
		{F22FB630-060D-418A-B912-F4D622FF05F5}.Debug|Any CPU.Build.0 = Debug|Any CPU
		{F22FB630-060D-418A-B912-F4D622FF05F5}.Release|Any CPU.ActiveCfg = Release|Any CPU
		{F22FB630-060D-418A-B912-F4D622FF05F5}.Release|Any CPU.Build.0 = Release|Any CPU
	EndGlobalSection
	GlobalSection(SolutionProperties) = preSolution
		HideSolutionNode = FALSE
	EndGlobalSection
	GlobalSection(NestedProjects) = preSolution
		{E127906A-4CF4-4E7B-A239-DB955F23D78E} = {7252C3B9-D243-4DA5-86A7-17D740908067}
		{9A84E601-DB66-4A2E-B081-2FC7804455DD} = {DF8238AD-FBFA-41D3-BF15-4A2525D42FDB}
		{86DC1E33-1A79-4E50-8100-DF868E92556A} = {9BF71C57-1DED-413D-8D8A-7B0DB55851DB}
		{845721B0-2A60-4A7F-BFE6-61D78AF6ADD5} = {AA68A3E1-C201-400B-AFE3-F30294430A4B}
		{418DBB98-F8E8-4BCD-A045-8B3E2719B5FC} = {AA68A3E1-C201-400B-AFE3-F30294430A4B}
		{F22FB630-060D-418A-B912-F4D622FF05F5} = {AA68A3E1-C201-400B-AFE3-F30294430A4B}
	EndGlobalSection
	GlobalSection(ExtensibilityGlobals) = postSolution
		SolutionGuid = {5CF92F4B-C824-4F8F-B0D5-433075F64207}
	EndGlobalSection
EndGlobal
