
Microsoft Visual Studio Solution File, Format Version 12.00
# Visual Studio Version 17
VisualStudioVersion = 17.4.33122.133
MinimumVisualStudioVersion = 10.0.40219.1
Project("{9A19103F-16F7-4668-BE54-9A1E7A4F7556}") = "ECom.Domain", "src\Domain\ECom.Domain.csproj", "{749BAC2D-0586-43DA-8AF2-AD4FB30A1596}"
EndProject
Project("{9A19103F-16F7-4668-BE54-9A1E7A4F7556}") = "ECom.Infrastructure", "src\Infrastructure\ECom.Infrastructure.csproj", "{9DBAB588-9577-47C2-82FF-5C4E22C205D4}"
EndProject
Project("{9A19103F-16F7-4668-BE54-9A1E7A4F7556}") = "ECom.Application", "src\Application\ECom.Application.csproj", "{636E2FA5-B7AA-4E25-860D-5800442BDF30}"
EndProject
Project("{2150E333-8FDC-42A3-9474-1A3956D46DE8}") = "1. Domain", "1. Domain", "{0E2C12EA-BCCD-4AF6-B61E-2F267057362D}"
EndProject
Project("{2150E333-8FDC-42A3-9474-1A3956D46DE8}") = "2. Infrastructure", "2. Infrastructure", "{26013BDA-8E18-4D60-9054-2C16E6E5CA50}"
EndProject
Project("{2150E333-8FDC-42A3-9474-1A3956D46DE8}") = "3. Application", "3. Application", "{9C9FE62C-915A-48BA-BC1D-BACF6D76AD25}"
EndProject
Project("{2150E333-8FDC-42A3-9474-1A3956D46DE8}") = "4. UserWebApi", "4. UserWebApi", "{5731EA98-1062-4A74-865A-441783511F0D}"
EndProject
Project("{9A19103F-16F7-4668-BE54-9A1E7A4F7556}") = "ECom.Shared", "src\ECom.Shared\ECom.Shared.csproj", "{F820A10E-5BE4-47FD-9F3A-5DE59F407450}"
EndProject
Project("{2150E333-8FDC-42A3-9474-1A3956D46DE8}") = "Test", "Test", "{C461629E-98E5-4C7D-9F50-BA2C44C6AC38}"
EndProject
Project("{2150E333-8FDC-42A3-9474-1A3956D46DE8}") = "6. AdminBlazorServer", "6. AdminBlazorServer", "{BD7EA34D-937C-4415-8AAE-969380BF8C6A}"
EndProject
Project("{9A19103F-16F7-4668-BE54-9A1E7A4F7556}") = "ECom.AdminBlazorServer", "src\ECom.AdminBlazorServer\ECom.AdminBlazorServer.csproj", "{D86C8256-AA21-4D12-B19F-676303226172}"
EndProject
Project("{2150E333-8FDC-42A3-9474-1A3956D46DE8}") = "Solution Items", "Solution Items", "{8022CD20-E78A-468F-A1DC-D6B05885BF09}"
	ProjectSection(SolutionItems) = preProject
		TODO.md = TODO.md
	EndProjectSection
EndProject
Global
	GlobalSection(SolutionConfigurationPlatforms) = preSolution
		Debug|Any CPU = Debug|Any CPU
		Release|Any CPU = Release|Any CPU
	EndGlobalSection
	GlobalSection(ProjectConfigurationPlatforms) = postSolution
		{749BAC2D-0586-43DA-8AF2-AD4FB30A1596}.Debug|Any CPU.ActiveCfg = Debug|Any CPU
		{749BAC2D-0586-43DA-8AF2-AD4FB30A1596}.Debug|Any CPU.Build.0 = Debug|Any CPU
		{749BAC2D-0586-43DA-8AF2-AD4FB30A1596}.Release|Any CPU.ActiveCfg = Release|Any CPU
		{749BAC2D-0586-43DA-8AF2-AD4FB30A1596}.Release|Any CPU.Build.0 = Release|Any CPU
		{9DBAB588-9577-47C2-82FF-5C4E22C205D4}.Debug|Any CPU.ActiveCfg = Debug|Any CPU
		{9DBAB588-9577-47C2-82FF-5C4E22C205D4}.Debug|Any CPU.Build.0 = Debug|Any CPU
		{9DBAB588-9577-47C2-82FF-5C4E22C205D4}.Release|Any CPU.ActiveCfg = Release|Any CPU
		{9DBAB588-9577-47C2-82FF-5C4E22C205D4}.Release|Any CPU.Build.0 = Release|Any CPU
		{636E2FA5-B7AA-4E25-860D-5800442BDF30}.Debug|Any CPU.ActiveCfg = Debug|Any CPU
		{636E2FA5-B7AA-4E25-860D-5800442BDF30}.Debug|Any CPU.Build.0 = Debug|Any CPU
		{636E2FA5-B7AA-4E25-860D-5800442BDF30}.Release|Any CPU.ActiveCfg = Release|Any CPU
		{636E2FA5-B7AA-4E25-860D-5800442BDF30}.Release|Any CPU.Build.0 = Release|Any CPU
		{F820A10E-5BE4-47FD-9F3A-5DE59F407450}.Debug|Any CPU.ActiveCfg = Debug|Any CPU
		{F820A10E-5BE4-47FD-9F3A-5DE59F407450}.Debug|Any CPU.Build.0 = Debug|Any CPU
		{F820A10E-5BE4-47FD-9F3A-5DE59F407450}.Release|Any CPU.ActiveCfg = Release|Any CPU
		{F820A10E-5BE4-47FD-9F3A-5DE59F407450}.Release|Any CPU.Build.0 = Release|Any CPU
		{D86C8256-AA21-4D12-B19F-676303226172}.Debug|Any CPU.ActiveCfg = Debug|Any CPU
		{D86C8256-AA21-4D12-B19F-676303226172}.Debug|Any CPU.Build.0 = Debug|Any CPU
		{D86C8256-AA21-4D12-B19F-676303226172}.Release|Any CPU.ActiveCfg = Release|Any CPU
		{D86C8256-AA21-4D12-B19F-676303226172}.Release|Any CPU.Build.0 = Release|Any CPU
	EndGlobalSection
	GlobalSection(SolutionProperties) = preSolution
		HideSolutionNode = FALSE
	EndGlobalSection
	GlobalSection(NestedProjects) = preSolution
		{749BAC2D-0586-43DA-8AF2-AD4FB30A1596} = {0E2C12EA-BCCD-4AF6-B61E-2F267057362D}
		{9DBAB588-9577-47C2-82FF-5C4E22C205D4} = {26013BDA-8E18-4D60-9054-2C16E6E5CA50}
		{636E2FA5-B7AA-4E25-860D-5800442BDF30} = {9C9FE62C-915A-48BA-BC1D-BACF6D76AD25}
		{F820A10E-5BE4-47FD-9F3A-5DE59F407450} = {0E2C12EA-BCCD-4AF6-B61E-2F267057362D}
		{D86C8256-AA21-4D12-B19F-676303226172} = {BD7EA34D-937C-4415-8AAE-969380BF8C6A}
	EndGlobalSection
	GlobalSection(ExtensibilityGlobals) = postSolution
		SolutionGuid = {5CF92F4B-C824-4F8F-B0D5-433075F64207}
	EndGlobalSection
EndGlobal
